
Microsoft Visual Studio Solution File, Format Version 12.00
# Visual Studio Version 16
VisualStudioVersion = 16.0.31702.278
MinimumVisualStudioVersion = 10.0.40219.1
Project("{FAE04EC0-301F-11D3-BF4B-00C04F79EFBC}") = "ServerCodeRest_20190140026_Muhammad Risqullah Zarvino", "ServerCodeRest_20190140026_Muhammad Risqullah Zarvino\ServerCodeRest_20190140026_Muhammad Risqullah Zarvino.csproj", "{3732F45D-C533-4474-A616-7293BCFE3CA5}"
EndProject
Global
	GlobalSection(SolutionConfigurationPlatforms) = preSolution
		Debug|Any CPU = Debug|Any CPU
		Release|Any CPU = Release|Any CPU
	EndGlobalSection
	GlobalSection(ProjectConfigurationPlatforms) = postSolution
		{3732F45D-C533-4474-A616-7293BCFE3CA5}.Debug|Any CPU.ActiveCfg = Debug|Any CPU
		{3732F45D-C533-4474-A616-7293BCFE3CA5}.Debug|Any CPU.Build.0 = Debug|Any CPU
		{3732F45D-C533-4474-A616-7293BCFE3CA5}.Release|Any CPU.ActiveCfg = Release|Any CPU
		{3732F45D-C533-4474-A616-7293BCFE3CA5}.Release|Any CPU.Build.0 = Release|Any CPU
	EndGlobalSection
	GlobalSection(SolutionProperties) = preSolution
		HideSolutionNode = FALSE
	EndGlobalSection
	GlobalSection(ExtensibilityGlobals) = postSolution
		SolutionGuid = {F40790A6-E743-4DC7-83EC-9246EDF76FF2}
	EndGlobalSection
EndGlobal
